// !$*UTF8*$!
{
	archiveVersion = 1;
	classes = {
	};
	objectVersion = 48;
	objects = {

/* Begin PBXBuildFile section */
		158A2FA52045A40B00B126CC /* AppDelegate.swift in Sources */ = {isa = PBXBuildFile; fileRef = 158A2FA42045A40B00B126CC /* AppDelegate.swift */; };
		158A2FA72045A40B00B126CC /* GameScene.sks in Resources */ = {isa = PBXBuildFile; fileRef = 158A2FA62045A40B00B126CC /* GameScene.sks */; };
		158A2FA92045A40B00B126CC /* Actions.sks in Resources */ = {isa = PBXBuildFile; fileRef = 158A2FA82045A40B00B126CC /* Actions.sks */; };
		158A2FAB2045A40B00B126CC /* GameScene.swift in Sources */ = {isa = PBXBuildFile; fileRef = 158A2FAA2045A40B00B126CC /* GameScene.swift */; };
		158A2FAD2045A40B00B126CC /* GameViewController.swift in Sources */ = {isa = PBXBuildFile; fileRef = 158A2FAC2045A40B00B126CC /* GameViewController.swift */; };
		158A2FB02045A40B00B126CC /* Main.storyboard in Resources */ = {isa = PBXBuildFile; fileRef = 158A2FAE2045A40B00B126CC /* Main.storyboard */; };
		158A2FB22045A40B00B126CC /* Assets.xcassets in Resources */ = {isa = PBXBuildFile; fileRef = 158A2FB12045A40B00B126CC /* Assets.xcassets */; };
		158A2FB52045A40B00B126CC /* LaunchScreen.storyboard in Resources */ = {isa = PBXBuildFile; fileRef = 158A2FB32045A40B00B126CC /* LaunchScreen.storyboard */; };
/* End PBXBuildFile section */

/* Begin PBXFileReference section */
		158A2FA12045A40B00B126CC /* Package Toon.app */ = {isa = PBXFileReference; explicitFileType = wrapper.application; includeInIndex = 0; path = "Package Toon.app"; sourceTree = BUILT_PRODUCTS_DIR; };
		158A2FA42045A40B00B126CC /* AppDelegate.swift */ = {isa = PBXFileReference; lastKnownFileType = sourcecode.swift; path = AppDelegate.swift; sourceTree = "<group>"; };
		158A2FA62045A40B00B126CC /* GameScene.sks */ = {isa = PBXFileReference; lastKnownFileType = file.sks; path = GameScene.sks; sourceTree = "<group>"; };
		158A2FA82045A40B00B126CC /* Actions.sks */ = {isa = PBXFileReference; lastKnownFileType = file.sks; path = Actions.sks; sourceTree = "<group>"; };
		158A2FAA2045A40B00B126CC /* GameScene.swift */ = {isa = PBXFileReference; lastKnownFileType = sourcecode.swift; path = GameScene.swift; sourceTree = "<group>"; };
		158A2FAC2045A40B00B126CC /* GameViewController.swift */ = {isa = PBXFileReference; lastKnownFileType = sourcecode.swift; path = GameViewController.swift; sourceTree = "<group>"; };
		158A2FAF2045A40B00B126CC /* Base */ = {isa = PBXFileReference; lastKnownFileType = file.storyboard; name = Base; path = Base.lproj/Main.storyboard; sourceTree = "<group>"; };
		158A2FB12045A40B00B126CC /* Assets.xcassets */ = {isa = PBXFileReference; lastKnownFileType = folder.assetcatalog; path = Assets.xcassets; sourceTree = "<group>"; };
		158A2FB42045A40B00B126CC /* Base */ = {isa = PBXFileReference; lastKnownFileType = file.storyboard; name = Base; path = Base.lproj/LaunchScreen.storyboard; sourceTree = "<group>"; };
		158A2FB62045A40B00B126CC /* Info.plist */ = {isa = PBXFileReference; lastKnownFileType = text.plist.xml; path = Info.plist; sourceTree = "<group>"; };
/* End PBXFileReference section */

/* Begin PBXFrameworksBuildPhase section */
		158A2F9E2045A40B00B126CC /* Frameworks */ = {
			isa = PBXFrameworksBuildPhase;
			buildActionMask = 2147483647;
			files = (
			);
			runOnlyForDeploymentPostprocessing = 0;
		};
/* End PBXFrameworksBuildPhase section */

/* Begin PBXGroup section */
		158A2F982045A40B00B126CC = {
			isa = PBXGroup;
			children = (
				158A2FA32045A40B00B126CC /* Package Toon */,
				158A2FA22045A40B00B126CC /* Products */,
			);
			sourceTree = "<group>";
		};
		158A2FA22045A40B00B126CC /* Products */ = {
			isa = PBXGroup;
			children = (
				158A2FA12045A40B00B126CC /* Package Toon.app */,
			);
			name = Products;
			sourceTree = "<group>";
		};
		158A2FA32045A40B00B126CC /* Package Toon */ = {
			isa = PBXGroup;
			children = (
				158A2FA42045A40B00B126CC /* AppDelegate.swift */,
				158A2FA62045A40B00B126CC /* GameScene.sks */,
				158A2FA82045A40B00B126CC /* Actions.sks */,
				158A2FAA2045A40B00B126CC /* GameScene.swift */,
				158A2FAC2045A40B00B126CC /* GameViewController.swift */,
				158A2FAE2045A40B00B126CC /* Main.storyboard */,
				158A2FB12045A40B00B126CC /* Assets.xcassets */,
				158A2FB32045A40B00B126CC /* LaunchScreen.storyboard */,
				158A2FB62045A40B00B126CC /* Info.plist */,
			);
			path = "Package Toon";
			sourceTree = "<group>";
		};
/* End PBXGroup section */

/* Begin PBXNativeTarget section */
		158A2FA02045A40B00B126CC /* Package Toon */ = {
			isa = PBXNativeTarget;
			buildConfigurationList = 158A2FB92045A40B00B126CC /* Build configuration list for PBXNativeTarget "Package Toon" */;
			buildPhases = (
				158A2F9D2045A40B00B126CC /* Sources */,
				158A2F9E2045A40B00B126CC /* Frameworks */,
				158A2F9F2045A40B00B126CC /* Resources */,
			);
			buildRules = (
			);
			dependencies = (
			);
			name = "Package Toon";
			productName = "Package Toon";
			productReference = 158A2FA12045A40B00B126CC /* Package Toon.app */;
			productType = "com.apple.product-type.application";
		};
/* End PBXNativeTarget section */

/* Begin PBXProject section */
		158A2F992045A40B00B126CC /* Project object */ = {
			isa = PBXProject;
			attributes = {
				LastSwiftUpdateCheck = 0910;
				LastUpgradeCheck = 0910;
				ORGANIZATIONNAME = "Stefan Diac";
				TargetAttributes = {
					158A2FA02045A40B00B126CC = {
						CreatedOnToolsVersion = 9.1;
						ProvisioningStyle = Automatic;
					};
				};
			};
			buildConfigurationList = 158A2F9C2045A40B00B126CC /* Build configuration list for PBXProject "Package Toon" */;
			compatibilityVersion = "Xcode 8.0";
			developmentRegion = en;
			hasScannedForEncodings = 0;
			knownRegions = (
				en,
				Base,
			);
			mainGroup = 158A2F982045A40B00B126CC;
			productRefGroup = 158A2FA22045A40B00B126CC /* Products */;
			projectDirPath = "";
			projectRoot = "";
			targets = (
				158A2FA02045A40B00B126CC /* Package Toon */,
			);
		};
/* End PBXProject section */

/* Begin PBXResourcesBuildPhase section */
		158A2F9F2045A40B00B126CC /* Resources */ = {
			isa = PBXResourcesBuildPhase;
			buildActionMask = 2147483647;
			files = (
				158A2FB02045A40B00B126CC /* Main.storyboard in Resources */,
				158A2FA72045A40B00B126CC /* GameScene.sks in Resources */,
				158A2FB22045A40B00B126CC /* Assets.xcassets in Resources */,
				158A2FB52045A40B00B126CC /* LaunchScreen.storyboard in Resources */,
				158A2FA92045A40B00B126CC /* Actions.sks in Resources */,
			);
			runOnlyForDeploymentPostprocessing = 0;
		};
/* End PBXResourcesBuildPhase section */

/* Begin PBXSourcesBuildPhase section */
		158A2F9D2045A40B00B126CC /* Sources */ = {
			isa = PBXSourcesBuildPhase;
			buildActionMask = 2147483647;
			files = (
				158A2FAB2045A40B00B126CC /* GameScene.swift in Sources */,
				158A2FAD2045A40B00B126CC /* GameViewController.swift in Sources */,
				158A2FA52045A40B00B126CC /* AppDelegate.swift in Sources */,
			);
			runOnlyForDeploymentPostprocessing = 0;
		};
/* End PBXSourcesBuildPhase section */

/* Begin PBXVariantGroup section */
		158A2FAE2045A40B00B126CC /* Main.storyboard */ = {
			isa = PBXVariantGroup;
			children = (
				158A2FAF2045A40B00B126CC /* Base */,
			);
			name = Main.storyboard;
			sourceTree = "<group>";
		};
		158A2FB32045A40B00B126CC /* LaunchScreen.storyboard */ = {
			isa = PBXVariantGroup;
			children = (
				158A2FB42045A40B00B126CC /* Base */,
			);
			name = LaunchScreen.storyboard;
			sourceTree = "<group>";
		};
/* End PBXVariantGroup section */

/* Begin XCBuildConfiguration section */
		158A2FB72045A40B00B126CC /* Debug */ = {
			isa = XCBuildConfiguration;
			buildSettings = {
				ALWAYS_SEARCH_USER_PATHS = NO;
				CLANG_ANALYZER_NONNULL = YES;
				CLANG_ANALYZER_NUMBER_OBJECT_CONVERSION = YES_AGGRESSIVE;
				CLANG_CXX_LANGUAGE_STANDARD = "gnu++14";
				CLANG_CXX_LIBRARY = "libc++";
				CLANG_ENABLE_MODULES = YES;
				CLANG_ENABLE_OBJC_ARC = YES;
				CLANG_WARN_BLOCK_CAPTURE_AUTORELEASING = YES;
				CLANG_WARN_BOOL_CONVERSION = YES;
				CLANG_WARN_COMMA = YES;
				CLANG_WARN_CONSTANT_CONVERSION = YES;
				CLANG_WARN_DIRECT_OBJC_ISA_USAGE = YES_ERROR;
				CLANG_WARN_DOCUMENTATION_COMMENTS = YES;
				CLANG_WARN_EMPTY_BODY = YES;
				CLANG_WARN_ENUM_CONVERSION = YES;
				CLANG_WARN_INFINITE_RECURSION = YES;
				CLANG_WARN_INT_CONVERSION = YES;
				CLANG_WARN_NON_LITERAL_NULL_CONVERSION = YES;
				CLANG_WARN_OBJC_LITERAL_CONVERSION = YES;
				CLANG_WARN_OBJC_ROOT_CLASS = YES_ERROR;
				CLANG_WARN_RANGE_LOOP_ANALYSIS = YES;
				CLANG_WARN_STRICT_PROTOTYPES = YES;
				CLANG_WARN_SUSPICIOUS_MOVE = YES;
				CLANG_WARN_UNGUARDED_AVAILABILITY = YES_AGGRESSIVE;
				CLANG_WARN_UNREACHABLE_CODE = YES;
				CLANG_WARN__DUPLICATE_METHOD_MATCH = YES;
				CODE_SIGN_IDENTITY = "iPhone Developer";
				COPY_PHASE_STRIP = NO;
				DEBUG_INFORMATION_FORMAT = dwarf;
				ENABLE_STRICT_OBJC_MSGSEND = YES;
				ENABLE_TESTABILITY = YES;
				GCC_C_LANGUAGE_STANDARD = gnu11;
				GCC_DYNAMIC_NO_PIC = NO;
				GCC_NO_COMMON_BLOCKS = YES;
				GCC_OPTIMIZATION_LEVEL = 0;
				GCC_PREPROCESSOR_DEFINITIONS = (
					"DEBUG=1",
					"$(inherited)",
				);
				GCC_WARN_64_TO_32_BIT_CONVERSION = YES;
				GCC_WARN_ABOUT_RETURN_TYPE = YES_ERROR;
				GCC_WARN_UNDECLARED_SELECTOR = YES;
				GCC_WARN_UNINITIALIZED_AUTOS = YES_AGGRESSIVE;
				GCC_WARN_UNUSED_FUNCTION = YES;
				GCC_WARN_UNUSED_VARIABLE = YES;
				IPHONEOS_DEPLOYMENT_TARGET = 11.1;
				MTL_ENABLE_DEBUG_INFO = YES;
				ONLY_ACTIVE_ARCH = YES;
				SDKROOT = iphoneos;
				SWIFT_ACTIVE_COMPILATION_CONDITIONS = DEBUG;
				SWIFT_OPTIMIZATION_LEVEL = "-Onone";
			};
			name = Debug;
		};
		158A2FB82045A40B00B126CC /* Release */ = {
			isa = XCBuildConfiguration;
			buildSettings = {
				ALWAYS_SEARCH_USER_PATHS = NO;
				CLANG_ANALYZER_NONNULL = YES;
				CLANG_ANALYZER_NUMBER_OBJECT_CONVERSION = YES_AGGRESSIVE;
				CLANG_CXX_LANGUAGE_STANDARD = "gnu++14";
				CLANG_CXX_LIBRARY = "libc++";
				CLANG_ENABLE_MODULES = YES;
				CLANG_ENABLE_OBJC_ARC = YES;
				CLANG_WARN_BLOCK_CAPTURE_AUTORELEASING = YES;
				CLANG_WARN_BOOL_CONVERSION = YES;
				CLANG_WARN_COMMA = YES;
				CLANG_WARN_CONSTANT_CONVERSION = YES;
				CLANG_WARN_DIRECT_OBJC_ISA_USAGE = YES_ERROR;
				CLANG_WARN_DOCUMENTATION_COMMENTS = YES;
				CLANG_WARN_EMPTY_BODY = YES;
				CLANG_WARN_ENUM_CONVERSION = YES;
				CLANG_WARN_INFINITE_RECURSION = YES;
				CLANG_WARN_INT_CONVERSION = YES;
				CLANG_WARN_NON_LITERAL_NULL_CONVERSION = YES;
				CLANG_WARN_OBJC_LITERAL_CONVERSION = YES;
				CLANG_WARN_OBJC_ROOT_CLASS = YES_ERROR;
				CLANG_WARN_RANGE_LOOP_ANALYSIS = YES;
				CLANG_WARN_STRICT_PROTOTYPES = YES;
				CLANG_WARN_SUSPICIOUS_MOVE = YES;
				CLANG_WARN_UNGUARDED_AVAILABILITY = YES_AGGRESSIVE;
				CLANG_WARN_UNREACHABLE_CODE = YES;
				CLANG_WARN__DUPLICATE_METHOD_MATCH = YES;
				CODE_SIGN_IDENTITY = "iPhone Developer";
				COPY_PHASE_STRIP = NO;
				DEBUG_INFORMATION_FORMAT = "dwarf-with-dsym";
				ENABLE_NS_ASSERTIONS = NO;
				ENABLE_STRICT_OBJC_MSGSEND = YES;
				GCC_C_LANGUAGE_STANDARD = gnu11;
				GCC_NO_COMMON_BLOCKS = YES;
				GCC_WARN_64_TO_32_BIT_CONVERSION = YES;
				GCC_WARN_ABOUT_RETURN_TYPE = YES_ERROR;
				GCC_WARN_UNDECLARED_SELECTOR = YES;
				GCC_WARN_UNINITIALIZED_AUTOS = YES_AGGRESSIVE;
				GCC_WARN_UNUSED_FUNCTION = YES;
				GCC_WARN_UNUSED_VARIABLE = YES;
				IPHONEOS_DEPLOYMENT_TARGET = 11.1;
				MTL_ENABLE_DEBUG_INFO = NO;
				SDKROOT = iphoneos;
				SWIFT_OPTIMIZATION_LEVEL = "-Owholemodule";
				VALIDATE_PRODUCT = YES;
			};
			name = Release;
		};
		158A2FBA2045A40B00B126CC /* Debug */ = {
			isa = XCBuildConfiguration;
			buildSettings = {
				ASSETCATALOG_COMPILER_APPICON_NAME = AppIcon;
				CODE_SIGN_STYLE = Automatic;
				DEVELOPMENT_TEAM = 3XNA3BHX86;
				INFOPLIST_FILE = "Package Toon/Info.plist";
				LD_RUNPATH_SEARCH_PATHS = "$(inherited) @executable_path/Frameworks";
				PRODUCT_BUNDLE_IDENTIFIER = "com.example.Package-Toon";
				PRODUCT_NAME = "$(TARGET_NAME)";
				SWIFT_VERSION = 4.0;
				TARGETED_DEVICE_FAMILY = "1,2";
			};
			name = Debug;
		};
		158A2FBB2045A40B00B126CC /* Release */ = {
			isa = XCBuildConfiguration;
			buildSettings = {
				ASSETCATALOG_COMPILER_APPICON_NAME = AppIcon;
				CODE_SIGN_STYLE = Automatic;
				DEVELOPMENT_TEAM = 3XNA3BHX86;
				INFOPLIST_FILE = "Package Toon/Info.plist";
				LD_RUNPATH_SEARCH_PATHS = "$(inherited) @executable_path/Frameworks";
				PRODUCT_BUNDLE_IDENTIFIER = "com.example.Package-Toon";
				PRODUCT_NAME = "$(TARGET_NAME)";
				SWIFT_VERSION = 4.0;
				TARGETED_DEVICE_FAMILY = "1,2";
			};
			name = Release;
		};
/* End XCBuildConfiguration section */

/* Begin XCConfigurationList section */
		158A2F9C2045A40B00B126CC /* Build configuration list for PBXProject "Package Toon" */ = {
			isa = XCConfigurationList;
			buildConfigurations = (
				158A2FB72045A40B00B126CC /* Debug */,
				158A2FB82045A40B00B126CC /* Release */,
			);
			defaultConfigurationIsVisible = 0;
			defaultConfigurationName = Release;
		};
		158A2FB92045A40B00B126CC /* Build configuration list for PBXNativeTarget "Package Toon" */ = {
			isa = XCConfigurationList;
			buildConfigurations = (
				158A2FBA2045A40B00B126CC /* Debug */,
				158A2FBB2045A40B00B126CC /* Release */,
			);
			defaultConfigurationIsVisible = 0;
			defaultConfigurationName = Release;
		};
/* End XCConfigurationList section */
	};
	rootObject = 158A2F992045A40B00B126CC /* Project object */;
}
